
Microsoft Visual Studio Solution File, Format Version 12.00
# Visual Studio 15
VisualStudioVersion = 15.0.28307.1022
MinimumVisualStudioVersion = 10.0.40219.1
Project("{FAE04EC0-301F-11D3-BF4B-00C04F79EFBC}") = "plateuygulama", "plateuygulama\plateuygulama.csproj", "{DEABA91F-5C4C-46B7-9C3D-6572E8C23001}"
EndProject
Global
	GlobalSection(SolutionConfigurationPlatforms) = preSolution
		Debug|Any CPU = Debug|Any CPU
		Debug|x64 = Debug|x64
		Release|Any CPU = Release|Any CPU
		Release|x64 = Release|x64
	EndGlobalSection
	GlobalSection(ProjectConfigurationPlatforms) = postSolution
		{DEABA91F-5C4C-46B7-9C3D-6572E8C23001}.Debug|Any CPU.ActiveCfg = Debug|Any CPU
		{DEABA91F-5C4C-46B7-9C3D-6572E8C23001}.Debug|Any CPU.Build.0 = Debug|Any CPU
		{DEABA91F-5C4C-46B7-9C3D-6572E8C23001}.Debug|x64.ActiveCfg = Debug|x64
		{DEABA91F-5C4C-46B7-9C3D-6572E8C23001}.Debug|x64.Build.0 = Debug|x64
		{DEABA91F-5C4C-46B7-9C3D-6572E8C23001}.Release|Any CPU.ActiveCfg = Release|Any CPU
		{DEABA91F-5C4C-46B7-9C3D-6572E8C23001}.Release|Any CPU.Build.0 = Release|Any CPU
		{DEABA91F-5C4C-46B7-9C3D-6572E8C23001}.Release|x64.ActiveCfg = Release|x64
		{DEABA91F-5C4C-46B7-9C3D-6572E8C23001}.Release|x64.Build.0 = Release|x64
	EndGlobalSection
	GlobalSection(SolutionProperties) = preSolution
		HideSolutionNode = FALSE
	EndGlobalSection
	GlobalSection(ExtensibilityGlobals) = postSolution
		SolutionGuid = {9A09AFAD-9991-4DCE-8F34-C8BF4FE939D6}
	EndGlobalSection
EndGlobal
